// !$*UTF8*$!
{
	archiveVersion = 1;
	classes = {
	};
	objectVersion = 46;
	objects = {

/* Begin PBXBuildFile section */
		B3D6AA8C47E2861FB26760DD /* Pods_SalesforceAPI.framework in Frameworks */ = {isa = PBXBuildFile; fileRef = F52BAA413FCD049777AF145E /* Pods_SalesforceAPI.framework */; };
		F85B8B501F8F4B1E00CEB116 /* AppDelegate.swift in Sources */ = {isa = PBXBuildFile; fileRef = F85B8B4F1F8F4B1E00CEB116 /* AppDelegate.swift */; };
		F85B8B521F8F4B1E00CEB116 /* ViewController.swift in Sources */ = {isa = PBXBuildFile; fileRef = F85B8B511F8F4B1E00CEB116 /* ViewController.swift */; };
		F85B8B551F8F4B1E00CEB116 /* Main.storyboard in Resources */ = {isa = PBXBuildFile; fileRef = F85B8B531F8F4B1E00CEB116 /* Main.storyboard */; };
		F85B8B571F8F4B1E00CEB116 /* Assets.xcassets in Resources */ = {isa = PBXBuildFile; fileRef = F85B8B561F8F4B1E00CEB116 /* Assets.xcassets */; };
		F85B8B5A1F8F4B1E00CEB116 /* LaunchScreen.storyboard in Resources */ = {isa = PBXBuildFile; fileRef = F85B8B581F8F4B1E00CEB116 /* LaunchScreen.storyboard */; };
/* End PBXBuildFile section */

/* Begin PBXFileReference section */
		356F2BB02A491DD8B0DD4E11 /* Pods-SalesforceAPI.debug.xcconfig */ = {isa = PBXFileReference; includeInIndex = 1; lastKnownFileType = text.xcconfig; name = "Pods-SalesforceAPI.debug.xcconfig"; path = "Pods/Target Support Files/Pods-SalesforceAPI/Pods-SalesforceAPI.debug.xcconfig"; sourceTree = "<group>"; };
		F29A09EF77488029AD3B7D15 /* Pods-SalesforceAPI.release.xcconfig */ = {isa = PBXFileReference; includeInIndex = 1; lastKnownFileType = text.xcconfig; name = "Pods-SalesforceAPI.release.xcconfig"; path = "Pods/Target Support Files/Pods-SalesforceAPI/Pods-SalesforceAPI.release.xcconfig"; sourceTree = "<group>"; };
		F52BAA413FCD049777AF145E /* Pods_SalesforceAPI.framework */ = {isa = PBXFileReference; explicitFileType = wrapper.framework; includeInIndex = 0; path = Pods_SalesforceAPI.framework; sourceTree = BUILT_PRODUCTS_DIR; };
		F85B8B4C1F8F4B1E00CEB116 /* SalesforceAPI.app */ = {isa = PBXFileReference; explicitFileType = wrapper.application; includeInIndex = 0; path = SalesforceAPI.app; sourceTree = BUILT_PRODUCTS_DIR; };
		F85B8B4F1F8F4B1E00CEB116 /* AppDelegate.swift */ = {isa = PBXFileReference; lastKnownFileType = sourcecode.swift; path = AppDelegate.swift; sourceTree = "<group>"; };
		F85B8B511F8F4B1E00CEB116 /* ViewController.swift */ = {isa = PBXFileReference; lastKnownFileType = sourcecode.swift; path = ViewController.swift; sourceTree = "<group>"; };
		F85B8B541F8F4B1E00CEB116 /* Base */ = {isa = PBXFileReference; lastKnownFileType = file.storyboard; name = Base; path = Base.lproj/Main.storyboard; sourceTree = "<group>"; };
		F85B8B561F8F4B1E00CEB116 /* Assets.xcassets */ = {isa = PBXFileReference; lastKnownFileType = folder.assetcatalog; path = Assets.xcassets; sourceTree = "<group>"; };
		F85B8B591F8F4B1E00CEB116 /* Base */ = {isa = PBXFileReference; lastKnownFileType = file.storyboard; name = Base; path = Base.lproj/LaunchScreen.storyboard; sourceTree = "<group>"; };
		F85B8B5B1F8F4B1E00CEB116 /* Info.plist */ = {isa = PBXFileReference; lastKnownFileType = text.plist.xml; path = Info.plist; sourceTree = "<group>"; };
/* End PBXFileReference section */

/* Begin PBXFrameworksBuildPhase section */
		F85B8B491F8F4B1E00CEB116 /* Frameworks */ = {
			isa = PBXFrameworksBuildPhase;
			buildActionMask = 2147483647;
			files = (
				B3D6AA8C47E2861FB26760DD /* Pods_SalesforceAPI.framework in Frameworks */,
			);
			runOnlyForDeploymentPostprocessing = 0;
		};
/* End PBXFrameworksBuildPhase section */

/* Begin PBXGroup section */
		BF20032762873A6B4E8E90DB /* Pods */ = {
			isa = PBXGroup;
			children = (
				356F2BB02A491DD8B0DD4E11 /* Pods-SalesforceAPI.debug.xcconfig */,
				F29A09EF77488029AD3B7D15 /* Pods-SalesforceAPI.release.xcconfig */,
			);
			name = Pods;
			sourceTree = "<group>";
		};
		F80C4F95E5927B44A1E87F46 /* Frameworks */ = {
			isa = PBXGroup;
			children = (
				F52BAA413FCD049777AF145E /* Pods_SalesforceAPI.framework */,
			);
			name = Frameworks;
			sourceTree = "<group>";
		};
		F85B8B431F8F4B1E00CEB116 = {
			isa = PBXGroup;
			children = (
				F85B8B4E1F8F4B1E00CEB116 /* SalesforceAPI */,
				F85B8B4D1F8F4B1E00CEB116 /* Products */,
				BF20032762873A6B4E8E90DB /* Pods */,
				F80C4F95E5927B44A1E87F46 /* Frameworks */,
			);
			sourceTree = "<group>";
		};
		F85B8B4D1F8F4B1E00CEB116 /* Products */ = {
			isa = PBXGroup;
			children = (
				F85B8B4C1F8F4B1E00CEB116 /* SalesforceAPI.app */,
			);
			name = Products;
			sourceTree = "<group>";
		};
		F85B8B4E1F8F4B1E00CEB116 /* SalesforceAPI */ = {
			isa = PBXGroup;
			children = (
				F85B8B4F1F8F4B1E00CEB116 /* AppDelegate.swift */,
				F85B8B511F8F4B1E00CEB116 /* ViewController.swift */,
				F85B8B531F8F4B1E00CEB116 /* Main.storyboard */,
				F85B8B561F8F4B1E00CEB116 /* Assets.xcassets */,
				F85B8B581F8F4B1E00CEB116 /* LaunchScreen.storyboard */,
				F85B8B5B1F8F4B1E00CEB116 /* Info.plist */,
			);
			path = SalesforceAPI;
			sourceTree = "<group>";
		};
/* End PBXGroup section */

/* Begin PBXNativeTarget section */
		F85B8B4B1F8F4B1E00CEB116 /* SalesforceAPI */ = {
			isa = PBXNativeTarget;
			buildConfigurationList = F85B8B5E1F8F4B1E00CEB116 /* Build configuration list for PBXNativeTarget "SalesforceAPI" */;
			buildPhases = (
				BBBF56081A0F93FD18BB29F7 /* [CP] Check Pods Manifest.lock */,
				F85B8B481F8F4B1E00CEB116 /* Sources */,
				F85B8B491F8F4B1E00CEB116 /* Frameworks */,
				F85B8B4A1F8F4B1E00CEB116 /* Resources */,
				B37F2FB825BAB3F23EF58E41 /* [CP] Embed Pods Frameworks */,
				1B454FF1770C6DFC0E1E0590 /* [CP] Copy Pods Resources */,
			);
			buildRules = (
			);
			dependencies = (
			);
			name = SalesforceAPI;
			productName = SalesforceAPI;
			productReference = F85B8B4C1F8F4B1E00CEB116 /* SalesforceAPI.app */;
			productType = "com.apple.product-type.application";
		};
/* End PBXNativeTarget section */

/* Begin PBXProject section */
		F85B8B441F8F4B1E00CEB116 /* Project object */ = {
			isa = PBXProject;
			attributes = {
				LastSwiftUpdateCheck = 0830;
				LastUpgradeCheck = 0830;
				ORGANIZATIONNAME = "Nguyen Tuan Anh";
				TargetAttributes = {
					F85B8B4B1F8F4B1E00CEB116 = {
						CreatedOnToolsVersion = 8.3.3;
						DevelopmentTeam = 8U2SQ4V327;
						ProvisioningStyle = Automatic;
					};
				};
			};
			buildConfigurationList = F85B8B471F8F4B1E00CEB116 /* Build configuration list for PBXProject "SalesforceAPI" */;
			compatibilityVersion = "Xcode 3.2";
			developmentRegion = English;
			hasScannedForEncodings = 0;
			knownRegions = (
				en,
				Base,
			);
			mainGroup = F85B8B431F8F4B1E00CEB116;
			productRefGroup = F85B8B4D1F8F4B1E00CEB116 /* Products */;
			projectDirPath = "";
			projectRoot = "";
			targets = (
				F85B8B4B1F8F4B1E00CEB116 /* SalesforceAPI */,
			);
		};
/* End PBXProject section */

/* Begin PBXResourcesBuildPhase section */
		F85B8B4A1F8F4B1E00CEB116 /* Resources */ = {
			isa = PBXResourcesBuildPhase;
			buildActionMask = 2147483647;
			files = (
				F85B8B5A1F8F4B1E00CEB116 /* LaunchScreen.storyboard in Resources */,
				F85B8B571F8F4B1E00CEB116 /* Assets.xcassets in Resources */,
				F85B8B551F8F4B1E00CEB116 /* Main.storyboard in Resources */,
			);
			runOnlyForDeploymentPostprocessing = 0;
		};
/* End PBXResourcesBuildPhase section */

/* Begin PBXShellScriptBuildPhase section */
		1B454FF1770C6DFC0E1E0590 /* [CP] Copy Pods Resources */ = {
			isa = PBXShellScriptBuildPhase;
			buildActionMask = 2147483647;
			files = (
			);
			inputPaths = (
			);
			name = "[CP] Copy Pods Resources";
			outputPaths = (
			);
			runOnlyForDeploymentPostprocessing = 0;
			shellPath = /bin/sh;
			shellScript = "\"${SRCROOT}/Pods/Target Support Files/Pods-SalesforceAPI/Pods-SalesforceAPI-resources.sh\"\n";
			showEnvVarsInLog = 0;
		};
		B37F2FB825BAB3F23EF58E41 /* [CP] Embed Pods Frameworks */ = {
			isa = PBXShellScriptBuildPhase;
			buildActionMask = 2147483647;
			files = (
			);
			inputPaths = (
			);
			name = "[CP] Embed Pods Frameworks";
			outputPaths = (
			);
			runOnlyForDeploymentPostprocessing = 0;
			shellPath = /bin/sh;
			shellScript = "\"${SRCROOT}/Pods/Target Support Files/Pods-SalesforceAPI/Pods-SalesforceAPI-frameworks.sh\"\n";
			showEnvVarsInLog = 0;
		};
		BBBF56081A0F93FD18BB29F7 /* [CP] Check Pods Manifest.lock */ = {
			isa = PBXShellScriptBuildPhase;
			buildActionMask = 2147483647;
			files = (
			);
			inputPaths = (
			);
			name = "[CP] Check Pods Manifest.lock";
			outputPaths = (
			);
			runOnlyForDeploymentPostprocessing = 0;
			shellPath = /bin/sh;
			shellScript = "diff \"${PODS_PODFILE_DIR_PATH}/Podfile.lock\" \"${PODS_ROOT}/Manifest.lock\" > /dev/null\nif [ $? != 0 ] ; then\n    # print error to STDERR\n    echo \"error: The sandbox is not in sync with the Podfile.lock. Run 'pod install' or update your CocoaPods installation.\" >&2\n    exit 1\nfi\n";
			showEnvVarsInLog = 0;
		};
/* End PBXShellScriptBuildPhase section */

/* Begin PBXSourcesBuildPhase section */
		F85B8B481F8F4B1E00CEB116 /* Sources */ = {
			isa = PBXSourcesBuildPhase;
			buildActionMask = 2147483647;
			files = (
				F85B8B521F8F4B1E00CEB116 /* ViewController.swift in Sources */,
				F85B8B501F8F4B1E00CEB116 /* AppDelegate.swift in Sources */,
			);
			runOnlyForDeploymentPostprocessing = 0;
		};
/* End PBXSourcesBuildPhase section */

/* Begin PBXVariantGroup section */
		F85B8B531F8F4B1E00CEB116 /* Main.storyboard */ = {
			isa = PBXVariantGroup;
			children = (
				F85B8B541F8F4B1E00CEB116 /* Base */,
			);
			name = Main.storyboard;
			sourceTree = "<group>";
		};
		F85B8B581F8F4B1E00CEB116 /* LaunchScreen.storyboard */ = {
			isa = PBXVariantGroup;
			children = (
				F85B8B591F8F4B1E00CEB116 /* Base */,
			);
			name = LaunchScreen.storyboard;
			sourceTree = "<group>";
		};
/* End PBXVariantGroup section */

/* Begin XCBuildConfiguration section */
		F85B8B5C1F8F4B1E00CEB116 /* Debug */ = {
			isa = XCBuildConfiguration;
			buildSettings = {
				ALWAYS_SEARCH_USER_PATHS = NO;
				CLANG_ANALYZER_NONNULL = YES;
				CLANG_ANALYZER_NUMBER_OBJECT_CONVERSION = YES_AGGRESSIVE;
				CLANG_CXX_LANGUAGE_STANDARD = "gnu++0x";
				CLANG_CXX_LIBRARY = "libc++";
				CLANG_ENABLE_MODULES = YES;
				CLANG_ENABLE_OBJC_ARC = YES;
				CLANG_WARN_BOOL_CONVERSION = YES;
				CLANG_WARN_CONSTANT_CONVERSION = YES;
				CLANG_WARN_DIRECT_OBJC_ISA_USAGE = YES_ERROR;
				CLANG_WARN_DOCUMENTATION_COMMENTS = YES;
				CLANG_WARN_EMPTY_BODY = YES;
				CLANG_WARN_ENUM_CONVERSION = YES;
				CLANG_WARN_INFINITE_RECURSION = YES;
				CLANG_WARN_INT_CONVERSION = YES;
				CLANG_WARN_OBJC_ROOT_CLASS = YES_ERROR;
				CLANG_WARN_SUSPICIOUS_MOVE = YES;
				CLANG_WARN_UNREACHABLE_CODE = YES;
				CLANG_WARN__DUPLICATE_METHOD_MATCH = YES;
				"CODE_SIGN_IDENTITY[sdk=iphoneos*]" = "iPhone Developer";
				COPY_PHASE_STRIP = NO;
				DEBUG_INFORMATION_FORMAT = dwarf;
				ENABLE_STRICT_OBJC_MSGSEND = YES;
				ENABLE_TESTABILITY = YES;
				GCC_C_LANGUAGE_STANDARD = gnu99;
				GCC_DYNAMIC_NO_PIC = NO;
				GCC_NO_COMMON_BLOCKS = YES;
				GCC_OPTIMIZATION_LEVEL = 0;
				GCC_PREPROCESSOR_DEFINITIONS = (
					"DEBUG=1",
					"$(inherited)",
				);
				GCC_WARN_64_TO_32_BIT_CONVERSION = YES;
				GCC_WARN_ABOUT_RETURN_TYPE = YES_ERROR;
				GCC_WARN_UNDECLARED_SELECTOR = YES;
				GCC_WARN_UNINITIALIZED_AUTOS = YES_AGGRESSIVE;
				GCC_WARN_UNUSED_FUNCTION = YES;
				GCC_WARN_UNUSED_VARIABLE = YES;
				IPHONEOS_DEPLOYMENT_TARGET = 10.3;
				MTL_ENABLE_DEBUG_INFO = YES;
				ONLY_ACTIVE_ARCH = YES;
				SDKROOT = iphoneos;
				SWIFT_ACTIVE_COMPILATION_CONDITIONS = DEBUG;
				SWIFT_OPTIMIZATION_LEVEL = "-Onone";
				TARGETED_DEVICE_FAMILY = "1,2";
			};
			name = Debug;
		};
		F85B8B5D1F8F4B1E00CEB116 /* Release */ = {
			isa = XCBuildConfiguration;
			buildSettings = {
				ALWAYS_SEARCH_USER_PATHS = NO;
				CLANG_ANALYZER_NONNULL = YES;
				CLANG_ANALYZER_NUMBER_OBJECT_CONVERSION = YES_AGGRESSIVE;
				CLANG_CXX_LANGUAGE_STANDARD = "gnu++0x";
				CLANG_CXX_LIBRARY = "libc++";
				CLANG_ENABLE_MODULES = YES;
				CLANG_ENABLE_OBJC_ARC = YES;
				CLANG_WARN_BOOL_CONVERSION = YES;
				CLANG_WARN_CONSTANT_CONVERSION = YES;
				CLANG_WARN_DIRECT_OBJC_ISA_USAGE = YES_ERROR;
				CLANG_WARN_DOCUMENTATION_COMMENTS = YES;
				CLANG_WARN_EMPTY_BODY = YES;
				CLANG_WARN_ENUM_CONVERSION = YES;
				CLANG_WARN_INFINITE_RECURSION = YES;
				CLANG_WARN_INT_CONVERSION = YES;
				CLANG_WARN_OBJC_ROOT_CLASS = YES_ERROR;
				CLANG_WARN_SUSPICIOUS_MOVE = YES;
				CLANG_WARN_UNREACHABLE_CODE = YES;
				CLANG_WARN__DUPLICATE_METHOD_MATCH = YES;
				"CODE_SIGN_IDENTITY[sdk=iphoneos*]" = "iPhone Developer";
				COPY_PHASE_STRIP = NO;
				DEBUG_INFORMATION_FORMAT = "dwarf-with-dsym";
				ENABLE_NS_ASSERTIONS = NO;
				ENABLE_STRICT_OBJC_MSGSEND = YES;
				GCC_C_LANGUAGE_STANDARD = gnu99;
				GCC_NO_COMMON_BLOCKS = YES;
				GCC_WARN_64_TO_32_BIT_CONVERSION = YES;
				GCC_WARN_ABOUT_RETURN_TYPE = YES_ERROR;
				GCC_WARN_UNDECLARED_SELECTOR = YES;
				GCC_WARN_UNINITIALIZED_AUTOS = YES_AGGRESSIVE;
				GCC_WARN_UNUSED_FUNCTION = YES;
				GCC_WARN_UNUSED_VARIABLE = YES;
				IPHONEOS_DEPLOYMENT_TARGET = 10.3;
				MTL_ENABLE_DEBUG_INFO = NO;
				SDKROOT = iphoneos;
				SWIFT_OPTIMIZATION_LEVEL = "-Owholemodule";
				TARGETED_DEVICE_FAMILY = "1,2";
				VALIDATE_PRODUCT = YES;
			};
			name = Release;
		};
		F85B8B5F1F8F4B1E00CEB116 /* Debug */ = {
			isa = XCBuildConfiguration;
			baseConfigurationReference = 356F2BB02A491DD8B0DD4E11 /* Pods-SalesforceAPI.debug.xcconfig */;
			buildSettings = {
				ASSETCATALOG_COMPILER_APPICON_NAME = AppIcon;
				DEVELOPMENT_TEAM = 8U2SQ4V327;
				INFOPLIST_FILE = SalesforceAPI/Info.plist;
				LD_RUNPATH_SEARCH_PATHS = "$(inherited) @executable_path/Frameworks";
				PRODUCT_BUNDLE_IDENTIFIER = com.tuananh.SalesforceAPI;
				PRODUCT_NAME = "$(TARGET_NAME)";
				SWIFT_VERSION = 3.0;
			};
			name = Debug;
		};
		F85B8B601F8F4B1E00CEB116 /* Release */ = {
			isa = XCBuildConfiguration;
			baseConfigurationReference = F29A09EF77488029AD3B7D15 /* Pods-SalesforceAPI.release.xcconfig */;
			buildSettings = {
				ASSETCATALOG_COMPILER_APPICON_NAME = AppIcon;
				DEVELOPMENT_TEAM = 8U2SQ4V327;
				INFOPLIST_FILE = SalesforceAPI/Info.plist;
				LD_RUNPATH_SEARCH_PATHS = "$(inherited) @executable_path/Frameworks";
				PRODUCT_BUNDLE_IDENTIFIER = com.tuananh.SalesforceAPI;
				PRODUCT_NAME = "$(TARGET_NAME)";
				SWIFT_VERSION = 3.0;
			};
			name = Release;
		};
/* End XCBuildConfiguration section */

/* Begin XCConfigurationList section */
		F85B8B471F8F4B1E00CEB116 /* Build configuration list for PBXProject "SalesforceAPI" */ = {
			isa = XCConfigurationList;
			buildConfigurations = (
				F85B8B5C1F8F4B1E00CEB116 /* Debug */,
				F85B8B5D1F8F4B1E00CEB116 /* Release */,
			);
			defaultConfigurationIsVisible = 0;
			defaultConfigurationName = Release;
		};
		F85B8B5E1F8F4B1E00CEB116 /* Build configuration list for PBXNativeTarget "SalesforceAPI" */ = {
			isa = XCConfigurationList;
			buildConfigurations = (
				F85B8B5F1F8F4B1E00CEB116 /* Debug */,
				F85B8B601F8F4B1E00CEB116 /* Release */,
			);
			defaultConfigurationIsVisible = 0;
		};
/* End XCConfigurationList section */
	};
	rootObject = F85B8B441F8F4B1E00CEB116 /* Project object */;
}
